<?xml version="1.0" encoding="utf-8"?>
<Project ToolsVersion="4.0" xmlns="http://schemas.microsoft.com/developer/msbuild/2003">
  <ItemGroup>
    <Filter Include="Source Files">
      <UniqueIdentifier>{4FC737F1-C7A5-4376-A066-2A32D752A2FF}</UniqueIdentifier>
      <Extensions>cpp;c;cc;cxx;def;odl;idl;hpj;bat;asm;asmx</Extensions>
    </Filter>
    <Filter Include="Header Files">
      <UniqueIdentifier>{93995380-89BD-4b04-88EB-625FBE52EBFB}</UniqueIdentifier>
      <Extensions>h;hh;hpp;hxx;hm;inl;inc;xsd</Extensions>
    </Filter>
    <Filter Include="Resource Files">
      <UniqueIdentifier>{D9D6E242-F8AF-46E4-B9FD-80ECBC20BA3E}</UniqueIdentifier>
      <Extensions>qrc;*</Extensions>
      <ParseFiles>false</ParseFiles>
    </Filter>
    <Filter Include="Form Files">
      <UniqueIdentifier>{99349809-55BA-4b9d-BF79-8FDBB0286EB3}</UniqueIdentifier>
      <Extensions>ui</Extensions>
    </Filter>
    <Filter Include="Resource Files">
      <UniqueIdentifier>{D9D6E242-F8AF-46E4-B9FD-80ECBC20BA3E}</UniqueIdentifier>
      <Extensions>qrc;*</Extensions>
      <ParseFiles>false</ParseFiles>
    </Filter>
    <Filter Include="Generated Files">
      <UniqueIdentifier>{71ED8ED8-ACB9-4CE9-BBE1-E00B30144E11}</UniqueIdentifier>
      <Extensions>moc;h;cpp</Extensions>
      <SourceControlFiles>False</SourceControlFiles>
    </Filter>
  </ItemGroup>
  <ItemGroup>
    <ClCompile Include="main.cpp">
      <Filter>Source Files</Filter>
    </ClCompile>
    <ClCompile Include="ultrasound.cpp">
      <Filter>Source Files</Filter>
    </ClCompile>
    <ClCompile Include="GeneratedFiles\qrc_ultrasound.cpp">
      <Filter>Generated Files</Filter>
    </ClCompile>
    <ClCompile Include="login.cpp">
      <Filter>Source Files</Filter>
    </ClCompile>
    <ClCompile Include="device_setting.cpp">
      <Filter>Source Files</Filter>
    </ClCompile>
    <ClCompile Include="call.cpp">
      <Filter>Source Files</Filter>
    </ClCompile>
    <ClCompile Include="audio_device_setting.cpp">
      <Filter>Source Files</Filter>
    </ClCompile>
    <ClCompile Include="report_template.cpp">
      <Filter>Source Files</Filter>
    </ClCompile>
    <ClCompile Include="profile.cpp">
      <Filter>Source Files</Filter>
    </ClCompile>
    <ClCompile Include="report_html.cpp">
      <Filter>Source Files</Filter>
    </ClCompile>
    <ClCompile Include="config.cpp">
      <Filter>Source Files</Filter>
    </ClCompile>
    <ClCompile Include="..\third_party\simplecrypt\simplecrypt.cpp">
      <Filter>Source Files</Filter>
    </ClCompile>
    <ClCompile Include="update_password.cpp">
      <Filter>Source Files</Filter>
    </ClCompile>
    <ClCompile Include="report_query.cpp">
      <Filter>Source Files</Filter>
    </ClCompile>
    <ClCompile Include="report_thread_worker.cpp">
      <Filter>Source Files</Filter>
    </ClCompile>
    <ClCompile Include="..\app\IOThreadWorker.cpp">
      <Filter>Source Files</Filter>
    </ClCompile>
    <ClCompile Include="..\app\image_viewer.cpp">
      <Filter>Source Files</Filter>
    </ClCompile>
    <ClCompile Include="qr_code_generator.cpp">
      <Filter>Source Files</Filter>
    </ClCompile>
    <ClCompile Include="report_template_my.cpp">
      <Filter>Source Files</Filter>
    </ClCompile>
    <ClCompile Include="report_template_cloud.cpp">
      <Filter>Source Files</Filter>
    </ClCompile>
    <ClCompile Include="report_template_cloud_model.cpp">
      <Filter>Source Files</Filter>
    </ClCompile>
    <ClCompile Include="report_template_disease_type_add.cpp">
      <Filter>Source Files</Filter>
    </ClCompile>
    <ClCompile Include="report_template_disease_name_add.cpp">
      <Filter>Source Files</Filter>
    </ClCompile>
    <ClCompile Include="report_template_cloud_view.cpp">
      <Filter>Source Files</Filter>
    </ClCompile>
    <ClCompile Include="..\app\ClickableLabel.cpp">
      <Filter>Source Files</Filter>
    </ClCompile>
    <ClCompile Include="..\app\SystemMessageViewer.cpp">
      <Filter>Source Files</Filter>
    </ClCompile>
  </ItemGroup>
  <ItemGroup>
    <QtMoc Include="ultrasound.h">
      <Filter>Header Files</Filter>
    </QtMoc>
    <QtMoc Include="login.h">
      <Filter>Header Files</Filter>
    </QtMoc>
    <QtMoc Include="device_setting.h">
      <Filter>Header Files</Filter>
    </QtMoc>
    <QtMoc Include="call.h">
      <Filter>Header Files</Filter>
    </QtMoc>
    <QtMoc Include="audio_device_setting.h">
      <Filter>Header Files</Filter>
    </QtMoc>
    <QtMoc Include="report_template.h">
      <Filter>Header Files</Filter>
    </QtMoc>
    <QtMoc Include="profile.h">
      <Filter>Header Files</Filter>
    </QtMoc>
    <QtMoc Include="update_password.h">
      <Filter>Header Files</Filter>
    </QtMoc>
    <QtMoc Include="report_query.h">
      <Filter>Header Files</Filter>
    </QtMoc>
    <QtMoc Include="report_thread_worker.h">
      <Filter>Header Files</Filter>
    </QtMoc>
    <QtMoc Include="..\app\image_viewer.h">
      <Filter>Header Files</Filter>
    </QtMoc>
    <QtMoc Include="report_template_my.h">
      <Filter>Header Files</Filter>
    </QtMoc>
    <QtMoc Include="report_template_cloud.h">
      <Filter>Header Files</Filter>
    </QtMoc>
    <QtMoc Include="report_template_base.h">
      <Filter>Header Files</Filter>
    </QtMoc>
    <QtMoc Include="report_template_disease_type_add.h">
      <Filter>Header Files</Filter>
    </QtMoc>
    <QtMoc Include="report_template_disease_name_add.h">
       <Filter>Header Files</Filter>
    </QtMoc>
    <QtMoc Include="..\app\ClickableLabel.h">
      <Filter>Header Files</Filter>
    </QtMoc>
    <QtMoc Include="..\app\SystemMessageViewer.h">
      <Filter>Header Files</Filter>
    </QtMoc>
    <QtMoc Include="report_template_cloud_view.h">
      <Filter>Header Files</Filter>
    </QtMoc>
  </ItemGroup>
  <ItemGroup>
    <QtUic Include="ultrasound.ui">
      <Filter>Form Files</Filter>
    </QtUic>
    <QtUic Include="login.ui">
      <Filter>Form Files</Filter>
    </QtUic>
    <QtUic Include="device_setting.ui">
      <Filter>Form Files</Filter>
    </QtUic>
    <QtUic Include="call.ui">
      <Filter>Form Files</Filter>
    </QtUic>
    <QtUic Include="audio_device_setting.ui">
      <Filter>Form Files</Filter>
    </QtUic>
    <QtUic Include="report_template.ui">
      <Filter>Form Files</Filter>
    </QtUic>
    <QtUic Include="profile.ui">
      <Filter>Form Files</Filter>
    </QtUic>
    <QtUic Include="update_password.ui">
      <Filter>Form Files</Filter>
    </QtUic>
    <QtUic Include="report_query.ui">
      <Filter>Form Files</Filter>
    </QtUic>
    <QtUic Include="report_template_disease_type_add.ui">
      <Filter>Form Files</Filter>
    </QtUic>
    <QtUic Include="report_template_disease_name_add.ui">
      <Filter>Form Files</Filter>
    </QtUic>
    <QtUic Include="report_template_cloud_view.ui">
      <Filter>Form Files</Filter>
    </QtUic>
  </ItemGroup>
  <ItemGroup>
    <QtRcc Include="ultrasound.qrc">
      <Filter>Resource Files</Filter>
    </QtRcc>
  </ItemGroup>
  <ItemGroup>
    <ClInclude Include="GeneratedFiles\ui_ultrasound.h">
      <Filter>Generated Files</Filter>
    </ClInclude>
    <ClInclude Include="report_html.h">
      <Filter>Header Files</Filter>
    </ClInclude>
    <ClInclude Include="config.h">
      <Filter>Header Files</Filter>
    </ClInclude>
    <ClInclude Include="..\third_party\simplecrypt\simplecrypt.h">
      <Filter>Header Files</Filter>
    </ClInclude>
    <ClInclude Include="..\app\IOThreadWorker.h">
      <Filter>Header Files</Filter>
    </ClInclude>
    <ClInclude Include="resource.h">
      <Filter>Header Files</Filter>
    </ClInclude>
    <ClInclude Include="qr_code_generator.h">
      <Filter>Header Files</Filter>
    </ClInclude>
    <ClInclude Include="..\app\ultrasound_system_message_id.h">
      <Filter>Header Files</Filter>
    </ClInclude>
    <ClInclude Include="report_template_cloud_model.h">
      <Filter>Header Files</Filter>
    </ClInclude>
  </ItemGroup>
  <ItemGroup>
    <None Include="res\qtbase_zh_CN.ts">
      <Filter>Resource Files</Filter>
    </None>
  </ItemGroup>
  <ItemGroup>
    <ResourceCompile Include="ultrasound.rc" />
  </ItemGroup>
  <ItemGroup>
    <Image Include="ultrasound.ico" />
  </ItemGroup>
</Project>